
Microsoft Visual Studio Solution File, Format Version 12.00
# Visual Studio Version 16
VisualStudioVersion = 16.0.29509.3
MinimumVisualStudioVersion = 10.0.40219.1
Project("{FAE04EC0-301F-11D3-BF4B-00C04F79EFBC}") = "EFWebApi", "EFWebApi.csproj", "{4BF36DB9-E3A0-4697-8A60-D45C6832AD82}"
EndProject
Global
	GlobalSection(SolutionConfigurationPlatforms) = preSolution
		Debug|Any CPU = Debug|Any CPU
		Release|Any CPU = Release|Any CPU
	EndGlobalSection
	GlobalSection(ProjectConfigurationPlatforms) = postSolution
		{4BF36DB9-E3A0-4697-8A60-D45C6832AD82}.Debug|Any CPU.ActiveCfg = Debug|Any CPU
		{4BF36DB9-E3A0-4697-8A60-D45C6832AD82}.Debug|Any CPU.Build.0 = Debug|Any CPU
		{4BF36DB9-E3A0-4697-8A60-D45C6832AD82}.Release|Any CPU.ActiveCfg = Release|Any CPU
		{4BF36DB9-E3A0-4697-8A60-D45C6832AD82}.Release|Any CPU.Build.0 = Release|Any CPU
	EndGlobalSection
	GlobalSection(SolutionProperties) = preSolution
		HideSolutionNode = FALSE
	EndGlobalSection
	GlobalSection(ExtensibilityGlobals) = postSolution
		SolutionGuid = {4250E960-6C30-4ABA-A825-7F1A687D57AE}
	EndGlobalSection
EndGlobal
